{
  "nodes": {
    "crane": {
      "inputs": {
        "nixpkgs": [
          "maiden",
          "nixpkgs"
        ]
      },
      "locked": {
        "lastModified": 1698166613,
        "narHash": "sha256-y4rdN4flxRiROqNi1waMYIZj/Fs7L2OrszFk/1ry9vU=",
        "owner": "ipetkov",
        "repo": "crane",
        "rev": "b7db46f0f1751f7b1d1911f6be7daf568ad5bc65",
        "type": "github"
      },
      "original": {
        "owner": "ipetkov",
        "repo": "crane",
        "type": "github"
      }
    },
    "flake-parts": {
      "inputs": {
        "nixpkgs-lib": "nixpkgs-lib"
      },
      "locked": {
        "lastModified": 1698882062,
        "narHash": "sha256-HkhafUayIqxXyHH1X8d9RDl1M2CkFgZLjKD3MzabiEo=",
        "owner": "hercules-ci",
        "repo": "flake-parts",
        "rev": "8c9fa2545007b49a5db5f650ae91f227672c3877",
        "type": "github"
      },
      "original": {
        "id": "flake-parts",
        "type": "indirect"
      }
    },
    "flake-parts_2": {
      "inputs": {
        "nixpkgs-lib": "nixpkgs-lib_2"
      },
      "locked": {
        "lastModified": 1698882062,
        "narHash": "sha256-HkhafUayIqxXyHH1X8d9RDl1M2CkFgZLjKD3MzabiEo=",
        "owner": "hercules-ci",
        "repo": "flake-parts",
        "rev": "8c9fa2545007b49a5db5f650ae91f227672c3877",
        "type": "github"
      },
      "original": {
        "id": "flake-parts",
        "type": "indirect"
      }
    },
    "flake-utils": {
      "inputs": {
        "systems": "systems"
      },
      "locked": {
        "lastModified": 1681202837,
        "narHash": "sha256-H+Rh19JDwRtpVPAWp64F+rlEtxUWBAQW28eAi3SRSzg=",
        "owner": "numtide",
        "repo": "flake-utils",
        "rev": "cfacdce06f30d2b68473a46042957675eebb3401",
        "type": "github"
      },
      "original": {
        "owner": "numtide",
        "repo": "flake-utils",
        "type": "github"
      }
    },
    "maiden": {
      "inputs": {
        "crane": "crane",
        "flake-parts": "flake-parts_2",
        "nixpkgs": "nixpkgs",
        "rust-overlay": "rust-overlay"
      },
      "locked": {
        "lastModified": 1698974295,
        "narHash": "sha256-/T01TFoVtwE4KLa/30QH6sMwRKJ7h6j2lz87KouFWNY=",
        "owner": "enmeei",
        "repo": "maiden",
        "rev": "6f0a9a1f65e6c159d3c3a84057f99134b2a767c7",
        "type": "github"
      },
      "original": {
        "owner": "enmeei",
        "repo": "maiden",
        "type": "github"
      }
    },
    "nixpkgs": {
      "locked": {
        "lastModified": 1698611440,
        "narHash": "sha256-jPjHjrerhYDy3q9+s5EAsuhyhuknNfowY6yt6pjn9pc=",
        "owner": "NixOS",
        "repo": "nixpkgs",
        "rev": "0cbe9f69c234a7700596e943bfae7ef27a31b735",
        "type": "github"
      },
      "original": {
        "owner": "NixOS",
        "ref": "nixos-unstable",
        "repo": "nixpkgs",
        "type": "github"
      }
    },
    "nixpkgs-lib": {
      "locked": {
        "dir": "lib",
        "lastModified": 1698611440,
        "narHash": "sha256-jPjHjrerhYDy3q9+s5EAsuhyhuknNfowY6yt6pjn9pc=",
        "owner": "NixOS",
        "repo": "nixpkgs",
        "rev": "0cbe9f69c234a7700596e943bfae7ef27a31b735",
        "type": "github"
      },
      "original": {
        "dir": "lib",
        "owner": "NixOS",
        "ref": "nixos-unstable",
        "repo": "nixpkgs",
        "type": "github"
      }
    },
    "nixpkgs-lib_2": {
      "locked": {
        "dir": "lib",
        "lastModified": 1698611440,
        "narHash": "sha256-jPjHjrerhYDy3q9+s5EAsuhyhuknNfowY6yt6pjn9pc=",
        "owner": "NixOS",
        "repo": "nixpkgs",
        "rev": "0cbe9f69c234a7700596e943bfae7ef27a31b735",
        "type": "github"
      },
      "original": {
        "dir": "lib",
        "owner": "NixOS",
        "ref": "nixos-unstable",
        "repo": "nixpkgs",
        "type": "github"
      }
    },
    "nixpkgs_2": {
      "locked": {
        "lastModified": 1699099776,
        "narHash": "sha256-X09iKJ27mGsGambGfkKzqvw5esP1L/Rf8H3u3fCqIiU=",
        "owner": "NixOS",
        "repo": "nixpkgs",
        "rev": "85f1ba3e51676fa8cc604a3d863d729026a6b8eb",
        "type": "github"
      },
      "original": {
        "owner": "NixOS",
        "ref": "nixos-unstable",
        "repo": "nixpkgs",
        "type": "github"
      }
    },
    "root": {
      "inputs": {
        "flake-parts": "flake-parts",
        "maiden": "maiden",
        "nixpkgs": "nixpkgs_2"
      }
    },
    "rust-overlay": {
      "inputs": {
        "flake-utils": "flake-utils",
        "nixpkgs": [
          "maiden",
          "nixpkgs"
        ]
      },
      "locked": {
        "lastModified": 1698891127,
        "narHash": "sha256-HuhQGsvBX1CdD+wvyK7J8aANYxvABhkPsiY97aT4+/w=",
        "owner": "oxalica",
        "repo": "rust-overlay",
        "rev": "6bc508466396bc6e24a7e4236ece9cb95b72582e",
        "type": "github"
      },
      "original": {
        "owner": "oxalica",
        "repo": "rust-overlay",
        "type": "github"
      }
    },
    "systems": {
      "locked": {
        "lastModified": 1681028828,
        "narHash": "sha256-Vy1rq5AaRuLzOxct8nz4T6wlgyUR7zLU309k9mBC768=",
        "owner": "nix-systems",
        "repo": "default",
        "rev": "da67096a3b9bf56a91d16901293e51ba5b49a27e",
        "type": "github"
      },
      "original": {
        "owner": "nix-systems",
        "repo": "default",
        "type": "github"
      }
    }
  },
  "root": "root",
  "version": 7
}
